{
  "lockfileVersion": 1,
  "workspaces": {
    "": {
      "name": "github-subdirectory",
      "dependencies": {
        "@octokit/rest": "^19.0.7",
        "adm-zip": "^0.5.10",
        "axios": "^1.4.0",
        "simple-git": "^3.19.1",
      },
      "devDependencies": {
        "@types/adm-zip": "^0.5.0",
        "@types/node": "^18.16.3",
        "bun-types": "latest",
        "mock-fs": "^5.2.0",
        "nock": "^13.3.3",
        "typescript": "^5.0.4",
        "vitest": "^0.34.3",
      },
    },
  },
  "packages": {
    "@esbuild/aix-ppc64": ["@esbuild/aix-ppc64@0.21.5", "", { "os": "aix", "cpu": "ppc64" }, "sha512-1SDgH6ZSPTlggy1yI6+Dbkiz8xzpHJEVAlF/AM1tHPLsf5STom9rwtjE4hKAF20FfXXNTFqEYXyJNWh1GiZedQ=="],

    "@esbuild/android-arm": ["@esbuild/android-arm@0.21.5", "", { "os": "android", "cpu": "arm" }, "sha512-vCPvzSjpPHEi1siZdlvAlsPxXl7WbOVUBBAowWug4rJHb68Ox8KualB+1ocNvT5fjv6wpkX6o/iEpbDrf68zcg=="],

    "@esbuild/android-arm64": ["@esbuild/android-arm64@0.21.5", "", { "os": "android", "cpu": "arm64" }, "sha512-c0uX9VAUBQ7dTDCjq+wdyGLowMdtR/GoC2U5IYk/7D1H1JYC0qseD7+11iMP2mRLN9RcCMRcjC4YMclCzGwS/A=="],

    "@esbuild/android-x64": ["@esbuild/android-x64@0.21.5", "", { "os": "android", "cpu": "x64" }, "sha512-D7aPRUUNHRBwHxzxRvp856rjUHRFW1SdQATKXH2hqA0kAZb1hKmi02OpYRacl0TxIGz/ZmXWlbZgjwWYaCakTA=="],

    "@esbuild/darwin-arm64": ["@esbuild/darwin-arm64@0.21.5", "", { "os": "darwin", "cpu": "arm64" }, "sha512-DwqXqZyuk5AiWWf3UfLiRDJ5EDd49zg6O9wclZ7kUMv2WRFr4HKjXp/5t8JZ11QbQfUS6/cRCKGwYhtNAY88kQ=="],

    "@esbuild/darwin-x64": ["@esbuild/darwin-x64@0.21.5", "", { "os": "darwin", "cpu": "x64" }, "sha512-se/JjF8NlmKVG4kNIuyWMV/22ZaerB+qaSi5MdrXtd6R08kvs2qCN4C09miupktDitvh8jRFflwGFBQcxZRjbw=="],

    "@esbuild/freebsd-arm64": ["@esbuild/freebsd-arm64@0.21.5", "", { "os": "freebsd", "cpu": "arm64" }, "sha512-5JcRxxRDUJLX8JXp/wcBCy3pENnCgBR9bN6JsY4OmhfUtIHe3ZW0mawA7+RDAcMLrMIZaf03NlQiX9DGyB8h4g=="],

    "@esbuild/freebsd-x64": ["@esbuild/freebsd-x64@0.21.5", "", { "os": "freebsd", "cpu": "x64" }, "sha512-J95kNBj1zkbMXtHVH29bBriQygMXqoVQOQYA+ISs0/2l3T9/kj42ow2mpqerRBxDJnmkUDCaQT/dfNXWX/ZZCQ=="],

    "@esbuild/linux-arm": ["@esbuild/linux-arm@0.21.5", "", { "os": "linux", "cpu": "arm" }, "sha512-bPb5AHZtbeNGjCKVZ9UGqGwo8EUu4cLq68E95A53KlxAPRmUyYv2D6F0uUI65XisGOL1hBP5mTronbgo+0bFcA=="],

    "@esbuild/linux-arm64": ["@esbuild/linux-arm64@0.21.5", "", { "os": "linux", "cpu": "arm64" }, "sha512-ibKvmyYzKsBeX8d8I7MH/TMfWDXBF3db4qM6sy+7re0YXya+K1cem3on9XgdT2EQGMu4hQyZhan7TeQ8XkGp4Q=="],

    "@esbuild/linux-ia32": ["@esbuild/linux-ia32@0.21.5", "", { "os": "linux", "cpu": "ia32" }, "sha512-YvjXDqLRqPDl2dvRODYmmhz4rPeVKYvppfGYKSNGdyZkA01046pLWyRKKI3ax8fbJoK5QbxblURkwK/MWY18Tg=="],

    "@esbuild/linux-loong64": ["@esbuild/linux-loong64@0.21.5", "", { "os": "linux", "cpu": "none" }, "sha512-uHf1BmMG8qEvzdrzAqg2SIG/02+4/DHB6a9Kbya0XDvwDEKCoC8ZRWI5JJvNdUjtciBGFQ5PuBlpEOXQj+JQSg=="],

    "@esbuild/linux-mips64el": ["@esbuild/linux-mips64el@0.21.5", "", { "os": "linux", "cpu": "none" }, "sha512-IajOmO+KJK23bj52dFSNCMsz1QP1DqM6cwLUv3W1QwyxkyIWecfafnI555fvSGqEKwjMXVLokcV5ygHW5b3Jbg=="],

    "@esbuild/linux-ppc64": ["@esbuild/linux-ppc64@0.21.5", "", { "os": "linux", "cpu": "ppc64" }, "sha512-1hHV/Z4OEfMwpLO8rp7CvlhBDnjsC3CttJXIhBi+5Aj5r+MBvy4egg7wCbe//hSsT+RvDAG7s81tAvpL2XAE4w=="],

    "@esbuild/linux-riscv64": ["@esbuild/linux-riscv64@0.21.5", "", { "os": "linux", "cpu": "none" }, "sha512-2HdXDMd9GMgTGrPWnJzP2ALSokE/0O5HhTUvWIbD3YdjME8JwvSCnNGBnTThKGEB91OZhzrJ4qIIxk/SBmyDDA=="],

    "@esbuild/linux-s390x": ["@esbuild/linux-s390x@0.21.5", "", { "os": "linux", "cpu": "s390x" }, "sha512-zus5sxzqBJD3eXxwvjN1yQkRepANgxE9lgOW2qLnmr8ikMTphkjgXu1HR01K4FJg8h1kEEDAqDcZQtbrRnB41A=="],

    "@esbuild/linux-x64": ["@esbuild/linux-x64@0.21.5", "", { "os": "linux", "cpu": "x64" }, "sha512-1rYdTpyv03iycF1+BhzrzQJCdOuAOtaqHTWJZCWvijKD2N5Xu0TtVC8/+1faWqcP9iBCWOmjmhoH94dH82BxPQ=="],

    "@esbuild/netbsd-x64": ["@esbuild/netbsd-x64@0.21.5", "", { "os": "none", "cpu": "x64" }, "sha512-Woi2MXzXjMULccIwMnLciyZH4nCIMpWQAs049KEeMvOcNADVxo0UBIQPfSmxB3CWKedngg7sWZdLvLczpe0tLg=="],

    "@esbuild/openbsd-x64": ["@esbuild/openbsd-x64@0.21.5", "", { "os": "openbsd", "cpu": "x64" }, "sha512-HLNNw99xsvx12lFBUwoT8EVCsSvRNDVxNpjZ7bPn947b8gJPzeHWyNVhFsaerc0n3TsbOINvRP2byTZ5LKezow=="],

    "@esbuild/sunos-x64": ["@esbuild/sunos-x64@0.21.5", "", { "os": "sunos", "cpu": "x64" }, "sha512-6+gjmFpfy0BHU5Tpptkuh8+uw3mnrvgs+dSPQXQOv3ekbordwnzTVEb4qnIvQcYXq6gzkyTnoZ9dZG+D4garKg=="],

    "@esbuild/win32-arm64": ["@esbuild/win32-arm64@0.21.5", "", { "os": "win32", "cpu": "arm64" }, "sha512-Z0gOTd75VvXqyq7nsl93zwahcTROgqvuAcYDUr+vOv8uHhNSKROyU961kgtCD1e95IqPKSQKH7tBTslnS3tA8A=="],

    "@esbuild/win32-ia32": ["@esbuild/win32-ia32@0.21.5", "", { "os": "win32", "cpu": "ia32" }, "sha512-SWXFF1CL2RVNMaVs+BBClwtfZSvDgtL//G/smwAc5oVK/UPu2Gu9tIaRgFmYFFKrmg3SyAjSrElf0TiJ1v8fYA=="],

    "@esbuild/win32-x64": ["@esbuild/win32-x64@0.21.5", "", { "os": "win32", "cpu": "x64" }, "sha512-tQd/1efJuzPC6rCFwEvLtci/xNFcTZknmXs98FYDfGE4wP9ClFV98nyKrzJKVPMhdDnjzLhdUyMX4PsQAPjwIw=="],

    "@jest/schemas": ["@jest/schemas@29.6.3", "", { "dependencies": { "@sinclair/typebox": "^0.27.8" } }, "sha512-mo5j5X+jIZmJQveBKeS/clAueipV7KgiX1vMgCxam1RNYiqE1w62n0/tJJnHtjW8ZHcQco5gY85jA3mi0L+nSA=="],

    "@jridgewell/sourcemap-codec": ["@jridgewell/sourcemap-codec@1.5.0", "", {}, "sha512-gv3ZRaISU3fjPAgNsriBRqGWQL6quFx04YMPW/zD8XMLsU32mhCCbfbO6KZFLjvYpCZ8zyDEgqsgf+PwPaM7GQ=="],

    "@kwsites/file-exists": ["@kwsites/file-exists@1.1.1", "", { "dependencies": { "debug": "^4.1.1" } }, "sha512-m9/5YGR18lIwxSFDwfE3oA7bWuq9kdau6ugN4H2rJeyhFQZcG9AgSHkQtSD15a8WvTgfz9aikZMrKPHvbpqFiw=="],

    "@kwsites/promise-deferred": ["@kwsites/promise-deferred@1.1.1", "", {}, "sha512-GaHYm+c0O9MjZRu0ongGBRbinu8gVAMd2UZjji6jVmqKtZluZnptXGWhz1E8j8D2HJ3f/yMxKAUC0b+57wncIw=="],

    "@octokit/auth-token": ["@octokit/auth-token@3.0.4", "", {}, "sha512-TWFX7cZF2LXoCvdmJWY7XVPi74aSY0+FfBZNSXEXFkMpjcqsQwDSYVv5FhRFaI0V1ECnwbz4j59T/G+rXNWaIQ=="],

    "@octokit/core": ["@octokit/core@4.2.4", "", { "dependencies": { "@octokit/auth-token": "^3.0.0", "@octokit/graphql": "^5.0.0", "@octokit/request": "^6.0.0", "@octokit/request-error": "^3.0.0", "@octokit/types": "^9.0.0", "before-after-hook": "^2.2.0", "universal-user-agent": "^6.0.0" } }, "sha512-rYKilwgzQ7/imScn3M9/pFfUf4I1AZEH3KhyJmtPdE2zfaXAn2mFfUy4FbKewzc2We5y/LlKLj36fWJLKC2SIQ=="],

    "@octokit/endpoint": ["@octokit/endpoint@7.0.6", "", { "dependencies": { "@octokit/types": "^9.0.0", "is-plain-object": "^5.0.0", "universal-user-agent": "^6.0.0" } }, "sha512-5L4fseVRUsDFGR00tMWD/Trdeeihn999rTMGRMC1G/Ldi1uWlWJzI98H4Iak5DB/RVvQuyMYKqSK/R6mbSOQyg=="],

    "@octokit/graphql": ["@octokit/graphql@5.0.6", "", { "dependencies": { "@octokit/request": "^6.0.0", "@octokit/types": "^9.0.0", "universal-user-agent": "^6.0.0" } }, "sha512-Fxyxdy/JH0MnIB5h+UQ3yCoh1FG4kWXfFKkpWqjZHw/p+Kc8Y44Hu/kCgNBT6nU1shNumEchmW/sUO1JuQnPcw=="],

    "@octokit/openapi-types": ["@octokit/openapi-types@18.1.1", "", {}, "sha512-VRaeH8nCDtF5aXWnjPuEMIYf1itK/s3JYyJcWFJT8X9pSNnBtriDf7wlEWsGuhPLl4QIH4xM8fqTXDwJ3Mu6sw=="],

    "@octokit/plugin-paginate-rest": ["@octokit/plugin-paginate-rest@6.1.2", "", { "dependencies": { "@octokit/tsconfig": "^1.0.2", "@octokit/types": "^9.2.3" }, "peerDependencies": { "@octokit/core": ">=4" } }, "sha512-qhrmtQeHU/IivxucOV1bbI/xZyC/iOBhclokv7Sut5vnejAIAEXVcGQeRpQlU39E0WwK9lNvJHphHri/DB6lbQ=="],

    "@octokit/plugin-request-log": ["@octokit/plugin-request-log@1.0.4", "", { "peerDependencies": { "@octokit/core": ">=3" } }, "sha512-mLUsMkgP7K/cnFEw07kWqXGF5LKrOkD+lhCrKvPHXWDywAwuDUeDwWBpc69XK3pNX0uKiVt8g5z96PJ6z9xCFA=="],

    "@octokit/plugin-rest-endpoint-methods": ["@octokit/plugin-rest-endpoint-methods@7.2.3", "", { "dependencies": { "@octokit/types": "^10.0.0" }, "peerDependencies": { "@octokit/core": ">=3" } }, "sha512-I5Gml6kTAkzVlN7KCtjOM+Ruwe/rQppp0QU372K1GP7kNOYEKe8Xn5BW4sE62JAHdwpq95OQK/qGNyKQMUzVgA=="],

    "@octokit/request": ["@octokit/request@6.2.8", "", { "dependencies": { "@octokit/endpoint": "^7.0.0", "@octokit/request-error": "^3.0.0", "@octokit/types": "^9.0.0", "is-plain-object": "^5.0.0", "node-fetch": "^2.6.7", "universal-user-agent": "^6.0.0" } }, "sha512-ow4+pkVQ+6XVVsekSYBzJC0VTVvh/FCTUUgTsboGq+DTeWdyIFV8WSCdo0RIxk6wSkBTHqIK1mYuY7nOBXOchw=="],

    "@octokit/request-error": ["@octokit/request-error@3.0.3", "", { "dependencies": { "@octokit/types": "^9.0.0", "deprecation": "^2.0.0", "once": "^1.4.0" } }, "sha512-crqw3V5Iy2uOU5Np+8M/YexTlT8zxCfI+qu+LxUB7SZpje4Qmx3mub5DfEKSO8Ylyk0aogi6TYdf6kxzh2BguQ=="],

    "@octokit/rest": ["@octokit/rest@19.0.13", "", { "dependencies": { "@octokit/core": "^4.2.1", "@octokit/plugin-paginate-rest": "^6.1.2", "@octokit/plugin-request-log": "^1.0.4", "@octokit/plugin-rest-endpoint-methods": "^7.1.2" } }, "sha512-/EzVox5V9gYGdbAI+ovYj3nXQT1TtTHRT+0eZPcuC05UFSWO3mdO9UY1C0i2eLF9Un1ONJkAk+IEtYGAC+TahA=="],

    "@octokit/tsconfig": ["@octokit/tsconfig@1.0.2", "", {}, "sha512-I0vDR0rdtP8p2lGMzvsJzbhdOWy405HcGovrspJ8RRibHnyRgggUSNO5AIox5LmqiwmatHKYsvj6VGFHkqS7lA=="],

    "@octokit/types": ["@octokit/types@9.3.2", "", { "dependencies": { "@octokit/openapi-types": "^18.0.0" } }, "sha512-D4iHGTdAnEEVsB8fl95m1hiz7D5YiRdQ9b/OEb3BYRVwbLsGHcRVPz+u+BgRLNk0Q0/4iZCBqDN96j2XNxfXrA=="],

    "@rollup/rollup-android-arm-eabi": ["@rollup/rollup-android-arm-eabi@4.38.0", "", { "os": "android", "cpu": "arm" }, "sha512-ldomqc4/jDZu/xpYU+aRxo3V4mGCV9HeTgUBANI3oIQMOL+SsxB+S2lxMpkFp5UamSS3XuTMQVbsS24R4J4Qjg=="],

    "@rollup/rollup-android-arm64": ["@rollup/rollup-android-arm64@4.38.0", "", { "os": "android", "cpu": "arm64" }, "sha512-VUsgcy4GhhT7rokwzYQP+aV9XnSLkkhlEJ0St8pbasuWO/vwphhZQxYEKUP3ayeCYLhk6gEtacRpYP/cj3GjyQ=="],

    "@rollup/rollup-darwin-arm64": ["@rollup/rollup-darwin-arm64@4.38.0", "", { "os": "darwin", "cpu": "arm64" }, "sha512-buA17AYXlW9Rn091sWMq1xGUvWQFOH4N1rqUxGJtEQzhChxWjldGCCup7r/wUnaI6Au8sKXpoh0xg58a7cgcpg=="],

    "@rollup/rollup-darwin-x64": ["@rollup/rollup-darwin-x64@4.38.0", "", { "os": "darwin", "cpu": "x64" }, "sha512-Mgcmc78AjunP1SKXl624vVBOF2bzwNWFPMP4fpOu05vS0amnLcX8gHIge7q/lDAHy3T2HeR0TqrriZDQS2Woeg=="],

    "@rollup/rollup-freebsd-arm64": ["@rollup/rollup-freebsd-arm64@4.38.0", "", { "os": "freebsd", "cpu": "arm64" }, "sha512-zzJACgjLbQTsscxWqvrEQAEh28hqhebpRz5q/uUd1T7VTwUNZ4VIXQt5hE7ncs0GrF+s7d3S4on4TiXUY8KoQA=="],

    "@rollup/rollup-freebsd-x64": ["@rollup/rollup-freebsd-x64@4.38.0", "", { "os": "freebsd", "cpu": "x64" }, "sha512-hCY/KAeYMCyDpEE4pTETam0XZS4/5GXzlLgpi5f0IaPExw9kuB+PDTOTLuPtM10TlRG0U9OSmXJ+Wq9J39LvAg=="],

    "@rollup/rollup-linux-arm-gnueabihf": ["@rollup/rollup-linux-arm-gnueabihf@4.38.0", "", { "os": "linux", "cpu": "arm" }, "sha512-mimPH43mHl4JdOTD7bUMFhBdrg6f9HzMTOEnzRmXbOZqjijCw8LA5z8uL6LCjxSa67H2xiLFvvO67PT05PRKGg=="],

    "@rollup/rollup-linux-arm-musleabihf": ["@rollup/rollup-linux-arm-musleabihf@4.38.0", "", { "os": "linux", "cpu": "arm" }, "sha512-tPiJtiOoNuIH8XGG8sWoMMkAMm98PUwlriOFCCbZGc9WCax+GLeVRhmaxjJtz6WxrPKACgrwoZ5ia/uapq3ZVg=="],

    "@rollup/rollup-linux-arm64-gnu": ["@rollup/rollup-linux-arm64-gnu@4.38.0", "", { "os": "linux", "cpu": "arm64" }, "sha512-wZco59rIVuB0tjQS0CSHTTUcEde+pXQWugZVxWaQFdQQ1VYub/sTrNdY76D1MKdN2NB48JDuGABP6o6fqos8mA=="],

    "@rollup/rollup-linux-arm64-musl": ["@rollup/rollup-linux-arm64-musl@4.38.0", "", { "os": "linux", "cpu": "arm64" }, "sha512-fQgqwKmW0REM4LomQ+87PP8w8xvU9LZfeLBKybeli+0yHT7VKILINzFEuggvnV9M3x1Ed4gUBmGUzCo/ikmFbQ=="],

    "@rollup/rollup-linux-loongarch64-gnu": ["@rollup/rollup-linux-loongarch64-gnu@4.38.0", "", { "os": "linux", "cpu": "none" }, "sha512-hz5oqQLXTB3SbXpfkKHKXLdIp02/w3M+ajp8p4yWOWwQRtHWiEOCKtc9U+YXahrwdk+3qHdFMDWR5k+4dIlddg=="],

    "@rollup/rollup-linux-powerpc64le-gnu": ["@rollup/rollup-linux-powerpc64le-gnu@4.38.0", "", { "os": "linux", "cpu": "ppc64" }, "sha512-NXqygK/dTSibQ+0pzxsL3r4Xl8oPqVoWbZV9niqOnIHV/J92fe65pOir0xjkUZDRSPyFRvu+4YOpJF9BZHQImw=="],

    "@rollup/rollup-linux-riscv64-gnu": ["@rollup/rollup-linux-riscv64-gnu@4.38.0", "", { "os": "linux", "cpu": "none" }, "sha512-GEAIabR1uFyvf/jW/5jfu8gjM06/4kZ1W+j1nWTSSB3w6moZEBm7iBtzwQ3a1Pxos2F7Gz+58aVEnZHU295QTg=="],

    "@rollup/rollup-linux-riscv64-musl": ["@rollup/rollup-linux-riscv64-musl@4.38.0", "", { "os": "linux", "cpu": "none" }, "sha512-9EYTX+Gus2EGPbfs+fh7l95wVADtSQyYw4DfSBcYdUEAmP2lqSZY0Y17yX/3m5VKGGJ4UmIH5LHLkMJft3bYoA=="],

    "@rollup/rollup-linux-s390x-gnu": ["@rollup/rollup-linux-s390x-gnu@4.38.0", "", { "os": "linux", "cpu": "s390x" }, "sha512-Mpp6+Z5VhB9VDk7RwZXoG2qMdERm3Jw07RNlXHE0bOnEeX+l7Fy4bg+NxfyN15ruuY3/7Vrbpm75J9QHFqj5+Q=="],

    "@rollup/rollup-linux-x64-gnu": ["@rollup/rollup-linux-x64-gnu@4.38.0", "", { "os": "linux", "cpu": "x64" }, "sha512-vPvNgFlZRAgO7rwncMeE0+8c4Hmc+qixnp00/Uv3ht2x7KYrJ6ERVd3/R0nUtlE6/hu7/HiiNHJ/rP6knRFt1w=="],

    "@rollup/rollup-linux-x64-musl": ["@rollup/rollup-linux-x64-musl@4.38.0", "", { "os": "linux", "cpu": "x64" }, "sha512-q5Zv+goWvQUGCaL7fU8NuTw8aydIL/C9abAVGCzRReuj5h30TPx4LumBtAidrVOtXnlB+RZkBtExMsfqkMfb8g=="],

    "@rollup/rollup-win32-arm64-msvc": ["@rollup/rollup-win32-arm64-msvc@4.38.0", "", { "os": "win32", "cpu": "arm64" }, "sha512-u/Jbm1BU89Vftqyqbmxdq14nBaQjQX1HhmsdBWqSdGClNaKwhjsg5TpW+5Ibs1mb8Es9wJiMdl86BcmtUVXNZg=="],

    "@rollup/rollup-win32-ia32-msvc": ["@rollup/rollup-win32-ia32-msvc@4.38.0", "", { "os": "win32", "cpu": "ia32" }, "sha512-mqu4PzTrlpNHHbu5qleGvXJoGgHpChBlrBx/mEhTPpnAL1ZAYFlvHD7rLK839LLKQzqEQMFJfGrrOHItN4ZQqA=="],

    "@rollup/rollup-win32-x64-msvc": ["@rollup/rollup-win32-x64-msvc@4.38.0", "", { "os": "win32", "cpu": "x64" }, "sha512-jjqy3uWlecfB98Psxb5cD6Fny9Fupv9LrDSPTQZUROqjvZmcCqNu4UMl7qqhlUUGpwiAkotj6GYu4SZdcr/nLw=="],

    "@sinclair/typebox": ["@sinclair/typebox@0.27.8", "", {}, "sha512-+Fj43pSMwJs4KRrH/938Uf+uAELIgVBmQzg/q1YG10djyfA3TnrU8N8XzqCh/okZdszqBQTZf96idMfE5lnwTA=="],

    "@types/adm-zip": ["@types/adm-zip@0.5.7", "", { "dependencies": { "@types/node": "*" } }, "sha512-DNEs/QvmyRLurdQPChqq0Md4zGvPwHerAJYWk9l2jCbD1VPpnzRJorOdiq4zsw09NFbYnhfsoEhWtxIzXpn2yw=="],

    "@types/chai": ["@types/chai@4.3.20", "", {}, "sha512-/pC9HAB5I/xMlc5FP77qjCnI16ChlJfW0tGa0IUcFn38VJrTV6DeZ60NU5KZBtaOZqjdpwTWohz5HU1RrhiYxQ=="],

    "@types/chai-subset": ["@types/chai-subset@1.3.6", "", { "peerDependencies": { "@types/chai": "<5.2.0" } }, "sha512-m8lERkkQj+uek18hXOZuec3W/fCRTrU4hrnXjH3qhHy96ytuPaPiWGgu7sJb7tZxZonO75vYAjCvpe/e4VUwRw=="],

    "@types/estree": ["@types/estree@1.0.7", "", {}, "sha512-w28IoSUCJpidD/TGviZwwMJckNESJZXFu7NBZ5YJ4mEUnNraUn9Pm8HSZm/jDF1pDWYKspWE7oVphigUPRakIQ=="],

    "@types/node": ["@types/node@18.19.84", "", { "dependencies": { "undici-types": "~5.26.4" } }, "sha512-ACYy2HGcZPHxEeWTqowTF7dhXN+JU1o7Gr4b41klnn6pj2LD6rsiGqSZojMdk1Jh2ys3m76ap+ae1vvE4+5+vg=="],

    "@types/ws": ["@types/ws@8.18.0", "", { "dependencies": { "@types/node": "*" } }, "sha512-8svvI3hMyvN0kKCJMvTJP/x6Y/EoQbepff882wL+Sn5QsXb3etnamgrJq4isrBxSJj5L2AuXcI0+bgkoAXGUJw=="],

    "@vitest/expect": ["@vitest/expect@0.34.6", "", { "dependencies": { "@vitest/spy": "0.34.6", "@vitest/utils": "0.34.6", "chai": "^4.3.10" } }, "sha512-QUzKpUQRc1qC7qdGo7rMK3AkETI7w18gTCUrsNnyjjJKYiuUB9+TQK3QnR1unhCnWRC0AbKv2omLGQDF/mIjOw=="],

    "@vitest/runner": ["@vitest/runner@0.34.6", "", { "dependencies": { "@vitest/utils": "0.34.6", "p-limit": "^4.0.0", "pathe": "^1.1.1" } }, "sha512-1CUQgtJSLF47NnhN+F9X2ycxUP0kLHQ/JWvNHbeBfwW8CzEGgeskzNnHDyv1ieKTltuR6sdIHV+nmR6kPxQqzQ=="],

    "@vitest/snapshot": ["@vitest/snapshot@0.34.6", "", { "dependencies": { "magic-string": "^0.30.1", "pathe": "^1.1.1", "pretty-format": "^29.5.0" } }, "sha512-B3OZqYn6k4VaN011D+ve+AA4whM4QkcwcrwaKwAbyyvS/NB1hCWjFIBQxAQQSQir9/RtyAAGuq+4RJmbn2dH4w=="],

    "@vitest/spy": ["@vitest/spy@0.34.6", "", { "dependencies": { "tinyspy": "^2.1.1" } }, "sha512-xaCvneSaeBw/cz8ySmF7ZwGvL0lBjfvqc1LpQ/vcdHEvpLn3Ff1vAvjw+CoGn0802l++5L/pxb7whwcWAw+DUQ=="],

    "@vitest/utils": ["@vitest/utils@0.34.6", "", { "dependencies": { "diff-sequences": "^29.4.3", "loupe": "^2.3.6", "pretty-format": "^29.5.0" } }, "sha512-IG5aDD8S6zlvloDsnzHw0Ut5xczlF+kv2BOTo+iXfPr54Yhi5qbVOgGB1hZaVq4iJ4C/MZ2J0y15IlsV/ZcI0A=="],

    "acorn": ["acorn@8.14.1", "", { "bin": { "acorn": "bin/acorn" } }, "sha512-OvQ/2pUDKmgfCg++xsTX1wGxfTaszcHVcTctW4UJB4hibJx2HXxxO5UmVgyjMa+ZDsiaf5wWLXYpRWMmBI0QHg=="],

    "acorn-walk": ["acorn-walk@8.3.4", "", { "dependencies": { "acorn": "^8.11.0" } }, "sha512-ueEepnujpqee2o5aIYnvHU6C0A42MNdsIDeqy5BydrkuC5R1ZuUFnm27EeFJGoEHJQgn3uleRvmTXaJgfXbt4g=="],

    "adm-zip": ["adm-zip@0.5.16", "", {}, "sha512-TGw5yVi4saajsSEgz25grObGHEUaDrniwvA2qwSC060KfqGPdglhvPMA2lPIoxs3PQIItj2iag35fONcQqgUaQ=="],

    "ansi-styles": ["ansi-styles@5.2.0", "", {}, "sha512-Cxwpt2SfTzTtXcfOlzGEee8O+c+MmUgGrNiBcXnuWxuFJHe6a5Hz7qwhwe5OgaSYI0IJvkLqWX1ASG+cJOkEiA=="],

    "assertion-error": ["assertion-error@1.1.0", "", {}, "sha512-jgsaNduz+ndvGyFt3uSuWqvy4lCnIJiovtouQN5JZHOKCS2QuhEdbcQHFhVksz2N2U9hXJo8odG7ETyWlEeuDw=="],

    "asynckit": ["asynckit@0.4.0", "", {}, "sha512-Oei9OH4tRh0YqU3GxhX79dM/mwVgvbZJaSNaRk+bshkj0S5cfHcgYakreBjrHwatXKbz+IoIdYLxrKim2MjW0Q=="],

    "axios": ["axios@1.8.4", "", { "dependencies": { "follow-redirects": "^1.15.6", "form-data": "^4.0.0", "proxy-from-env": "^1.1.0" } }, "sha512-eBSYY4Y68NNlHbHBMdeDmKNtDgXWhQsJcGqzO3iLUM0GraQFSS9cVgPX5I9b3lbdFKyYoAEGAZF1DwhTaljNAw=="],

    "before-after-hook": ["before-after-hook@2.2.3", "", {}, "sha512-NzUnlZexiaH/46WDhANlyR2bXRopNg4F/zuSA3OpZnllCUgRaOF2znDioDWrmbNVsuZk6l9pMquQB38cfBZwkQ=="],

    "bun-types": ["bun-types@1.2.7", "", { "dependencies": { "@types/node": "*", "@types/ws": "*" } }, "sha512-P4hHhk7kjF99acXqKvltyuMQ2kf/rzIw3ylEDpCxDS9Xa0X0Yp/gJu/vDCucmWpiur5qJ0lwB2bWzOXa2GlHqA=="],

    "cac": ["cac@6.7.14", "", {}, "sha512-b6Ilus+c3RrdDk+JhLKUAQfzzgLEPy6wcXqS7f/xe1EETvsDP6GORG7SFuOs6cID5YkqchW/LXZbX5bc8j7ZcQ=="],

    "call-bind-apply-helpers": ["call-bind-apply-helpers@1.0.2", "", { "dependencies": { "es-errors": "^1.3.0", "function-bind": "^1.1.2" } }, "sha512-Sp1ablJ0ivDkSzjcaJdxEunN5/XvksFJ2sMBFfq6x0ryhQV/2b/KwFe21cMpmHtPOSij8K99/wSfoEuTObmuMQ=="],

    "chai": ["chai@4.5.0", "", { "dependencies": { "assertion-error": "^1.1.0", "check-error": "^1.0.3", "deep-eql": "^4.1.3", "get-func-name": "^2.0.2", "loupe": "^2.3.6", "pathval": "^1.1.1", "type-detect": "^4.1.0" } }, "sha512-RITGBfijLkBddZvnn8jdqoTypxvqbOLYQkGGxXzeFjVHvudaPw0HNFD9x928/eUwYWd2dPCugVqspGALTZZQKw=="],

    "check-error": ["check-error@1.0.3", "", { "dependencies": { "get-func-name": "^2.0.2" } }, "sha512-iKEoDYaRmd1mxM90a2OEfWhjsjPpYPuQ+lMYsoxB126+t8fw7ySEO48nmDg5COTjxDI65/Y2OWpeEHk3ZOe8zg=="],

    "combined-stream": ["combined-stream@1.0.8", "", { "dependencies": { "delayed-stream": "~1.0.0" } }, "sha512-FQN4MRfuJeHf7cBbBMJFXhKSDq+2kAArBlmRBvcvFE5BB1HZKXtSFASDhdlz9zOYwxh8lDdnvmMOe/+5cdoEdg=="],

    "confbox": ["confbox@0.1.8", "", {}, "sha512-RMtmw0iFkeR4YV+fUOSucriAQNb9g8zFR52MWCtl+cCZOFRNL6zeB395vPzFhEjjn4fMxXudmELnl/KF/WrK6w=="],

    "debug": ["debug@4.4.0", "", { "dependencies": { "ms": "^2.1.3" } }, "sha512-6WTZ/IxCY/T6BALoZHaE4ctp9xm+Z5kY/pzYaCHRFeyVhojxlrm+46y68HA6hr0TcwEssoxNiDEUJQjfPZ/RYA=="],

    "deep-eql": ["deep-eql@4.1.4", "", { "dependencies": { "type-detect": "^4.0.0" } }, "sha512-SUwdGfqdKOwxCPeVYjwSyRpJ7Z+fhpwIAtmCUdZIWZ/YP5R9WAsyuSgpLVDi9bjWoN2LXHNss/dk3urXtdQxGg=="],

    "delayed-stream": ["delayed-stream@1.0.0", "", {}, "sha512-ZySD7Nf91aLB0RxL4KGrKHBXl7Eds1DAmEdcoVawXnLD7SDhpNgtuII2aAkg7a7QS41jxPSZ17p4VdGnMHk3MQ=="],

    "deprecation": ["deprecation@2.3.1", "", {}, "sha512-xmHIy4F3scKVwMsQ4WnVaS8bHOx0DmVwRywosKhaILI0ywMDWPtBSku2HNxRvF7jtwDRsoEwYQSfbxj8b7RlJQ=="],

    "diff-sequences": ["diff-sequences@29.6.3", "", {}, "sha512-EjePK1srD3P08o2j4f0ExnylqRs5B9tJjcp9t1krH2qRi8CCdsYfwe9JgSLurFBWwq4uOlipzfk5fHNvwFKr8Q=="],

    "dunder-proto": ["dunder-proto@1.0.1", "", { "dependencies": { "call-bind-apply-helpers": "^1.0.1", "es-errors": "^1.3.0", "gopd": "^1.2.0" } }, "sha512-KIN/nDJBQRcXw0MLVhZE9iQHmG68qAVIBg9CqmUYjmQIhgij9U5MFvrqkUL5FbtyyzZuOeOt0zdeRe4UY7ct+A=="],

    "es-define-property": ["es-define-property@1.0.1", "", {}, "sha512-e3nRfgfUZ4rNGL232gUgX06QNyyez04KdjFrF+LTRoOXmrOgFKDg4BCdsjW8EnT69eqdYGmRpJwiPVYNrCaW3g=="],

    "es-errors": ["es-errors@1.3.0", "", {}, "sha512-Zf5H2Kxt2xjTvbJvP2ZWLEICxA6j+hAmMzIlypy4xcBg1vKVnx89Wy0GbS+kf5cwCVFFzdCFh2XSCFNULS6csw=="],

    "es-object-atoms": ["es-object-atoms@1.1.1", "", { "dependencies": { "es-errors": "^1.3.0" } }, "sha512-FGgH2h8zKNim9ljj7dankFPcICIK9Cp5bm+c2gQSYePhpaG5+esrLODihIorn+Pe6FGJzWhXQotPv73jTaldXA=="],

    "es-set-tostringtag": ["es-set-tostringtag@2.1.0", "", { "dependencies": { "es-errors": "^1.3.0", "get-intrinsic": "^1.2.6", "has-tostringtag": "^1.0.2", "hasown": "^2.0.2" } }, "sha512-j6vWzfrGVfyXxge+O0x5sh6cvxAog0a/4Rdd2K36zCMV5eJ+/+tOAngRO8cODMNWbVRdVlmGZQL2YS3yR8bIUA=="],

    "esbuild": ["esbuild@0.21.5", "", { "optionalDependencies": { "@esbuild/aix-ppc64": "0.21.5", "@esbuild/android-arm": "0.21.5", "@esbuild/android-arm64": "0.21.5", "@esbuild/android-x64": "0.21.5", "@esbuild/darwin-arm64": "0.21.5", "@esbuild/darwin-x64": "0.21.5", "@esbuild/freebsd-arm64": "0.21.5", "@esbuild/freebsd-x64": "0.21.5", "@esbuild/linux-arm": "0.21.5", "@esbuild/linux-arm64": "0.21.5", "@esbuild/linux-ia32": "0.21.5", "@esbuild/linux-loong64": "0.21.5", "@esbuild/linux-mips64el": "0.21.5", "@esbuild/linux-ppc64": "0.21.5", "@esbuild/linux-riscv64": "0.21.5", "@esbuild/linux-s390x": "0.21.5", "@esbuild/linux-x64": "0.21.5", "@esbuild/netbsd-x64": "0.21.5", "@esbuild/openbsd-x64": "0.21.5", "@esbuild/sunos-x64": "0.21.5", "@esbuild/win32-arm64": "0.21.5", "@esbuild/win32-ia32": "0.21.5", "@esbuild/win32-x64": "0.21.5" }, "bin": { "esbuild": "bin/esbuild" } }, "sha512-mg3OPMV4hXywwpoDxu3Qda5xCKQi+vCTZq8S9J/EpkhB2HzKXq4SNFZE3+NK93JYxc8VMSep+lOUSC/RVKaBqw=="],

    "follow-redirects": ["follow-redirects@1.15.9", "", {}, "sha512-gew4GsXizNgdoRyqmyfMHyAmXsZDk6mHkSxZFCzW9gwlbtOW44CDtYavM+y+72qD/Vq2l550kMF52DT8fOLJqQ=="],

    "form-data": ["form-data@4.0.2", "", { "dependencies": { "asynckit": "^0.4.0", "combined-stream": "^1.0.8", "es-set-tostringtag": "^2.1.0", "mime-types": "^2.1.12" } }, "sha512-hGfm/slu0ZabnNt4oaRZ6uREyfCj6P4fT/n6A1rGV+Z0VdGXjfOhVUpkn6qVQONHGIFwmveGXyDs75+nr6FM8w=="],

    "fsevents": ["fsevents@2.3.3", "", { "os": "darwin" }, "sha512-5xoDfX+fL7faATnagmWPpbFtwh/R77WmMMqqHGS65C3vvB0YHrgF+B1YmZ3441tMj5n63k0212XNoJwzlhffQw=="],

    "function-bind": ["function-bind@1.1.2", "", {}, "sha512-7XHNxH7qX9xG5mIwxkhumTox/MIRNcOgDrxWsMt2pAr23WHp6MrRlN7FBSFpCpr+oVO0F744iUgR82nJMfG2SA=="],

    "get-func-name": ["get-func-name@2.0.2", "", {}, "sha512-8vXOvuE167CtIc3OyItco7N/dpRtBbYOsPsXCz7X/PMnlGjYjSGuZJgM1Y7mmew7BKf9BqvLX2tnOVy1BBUsxQ=="],

    "get-intrinsic": ["get-intrinsic@1.3.0", "", { "dependencies": { "call-bind-apply-helpers": "^1.0.2", "es-define-property": "^1.0.1", "es-errors": "^1.3.0", "es-object-atoms": "^1.1.1", "function-bind": "^1.1.2", "get-proto": "^1.0.1", "gopd": "^1.2.0", "has-symbols": "^1.1.0", "hasown": "^2.0.2", "math-intrinsics": "^1.1.0" } }, "sha512-9fSjSaos/fRIVIp+xSJlE6lfwhES7LNtKaCBIamHsjr2na1BiABJPo0mOjjz8GJDURarmCPGqaiVg5mfjb98CQ=="],

    "get-proto": ["get-proto@1.0.1", "", { "dependencies": { "dunder-proto": "^1.0.1", "es-object-atoms": "^1.0.0" } }, "sha512-sTSfBjoXBp89JvIKIefqw7U2CCebsc74kiY6awiGogKtoSGbgjYE/G/+l9sF3MWFPNc9IcoOC4ODfKHfxFmp0g=="],

    "gopd": ["gopd@1.2.0", "", {}, "sha512-ZUKRh6/kUFoAiTAtTYPZJ3hw9wNxx+BIBOijnlG9PnrJsCcSjs1wyyD6vJpaYtgnzDrKYRSqf3OO6Rfa93xsRg=="],

    "has-symbols": ["has-symbols@1.1.0", "", {}, "sha512-1cDNdwJ2Jaohmb3sg4OmKaMBwuC48sYni5HUw2DvsC8LjGTLK9h+eb1X6RyuOHe4hT0ULCW68iomhjUoKUqlPQ=="],

    "has-tostringtag": ["has-tostringtag@1.0.2", "", { "dependencies": { "has-symbols": "^1.0.3" } }, "sha512-NqADB8VjPFLM2V0VvHUewwwsw0ZWBaIdgo+ieHtK3hasLz4qeCRjYcqfB6AQrBggRKppKF8L52/VqdVsO47Dlw=="],

    "hasown": ["hasown@2.0.2", "", { "dependencies": { "function-bind": "^1.1.2" } }, "sha512-0hJU9SCPvmMzIBdZFqNPXWa6dqh7WdH0cII9y+CyS8rG3nL48Bclra9HmKhVVUHyPWNH5Y7xDwAB7bfgSjkUMQ=="],

    "is-plain-object": ["is-plain-object@5.0.0", "", {}, "sha512-VRSzKkbMm5jMDoKLbltAkFQ5Qr7VDiTFGXxYFXXowVj387GeGNOCsOH6Msy00SGZ3Fp84b1Naa1psqgcCIEP5Q=="],

    "json-stringify-safe": ["json-stringify-safe@5.0.1", "", {}, "sha512-ZClg6AaYvamvYEE82d3Iyd3vSSIjQ+odgjaTzRuO3s7toCdFKczob2i0zCh7JE8kWn17yvAWhUVxvqGwUalsRA=="],

    "local-pkg": ["local-pkg@0.4.3", "", {}, "sha512-SFppqq5p42fe2qcZQqqEOiVRXl+WCP1MdT6k7BDEW1j++sp5fIY+/fdRQitvKgB5BrBcmrs5m/L0v2FrU5MY1g=="],

    "loupe": ["loupe@2.3.7", "", { "dependencies": { "get-func-name": "^2.0.1" } }, "sha512-zSMINGVYkdpYSOBmLi0D1Uo7JU9nVdQKrHxC8eYlV+9YKK9WePqAlL7lSlorG/U2Fw1w0hTBmaa/jrQ3UbPHtA=="],

    "magic-string": ["magic-string@0.30.17", "", { "dependencies": { "@jridgewell/sourcemap-codec": "^1.5.0" } }, "sha512-sNPKHvyjVf7gyjwS4xGTaW/mCnF8wnjtifKBEhxfZ7E/S8tQ0rssrwGNn6q8JH/ohItJfSQp9mBtQYuTlH5QnA=="],

    "math-intrinsics": ["math-intrinsics@1.1.0", "", {}, "sha512-/IXtbwEk5HTPyEwyKX6hGkYXxM9nbj64B+ilVJnC/R6B0pH5G4V3b0pVbL7DBj4tkhBAppbQUlf6F6Xl9LHu1g=="],

    "mime-db": ["mime-db@1.52.0", "", {}, "sha512-sPU4uV7dYlvtWJxwwxHD0PuihVNiE7TyAbQ5SWxDCB9mUYvOgroQOwYQQOKPJ8CIbE+1ETVlOoK1UC2nU3gYvg=="],

    "mime-types": ["mime-types@2.1.35", "", { "dependencies": { "mime-db": "1.52.0" } }, "sha512-ZDY+bPm5zTTF+YpCrAU9nK0UgICYPT0QtT1NZWFv4s++TNkcgVaT0g6+4R2uI4MjQjzysHB1zxuWL50hzaeXiw=="],

    "mlly": ["mlly@1.7.4", "", { "dependencies": { "acorn": "^8.14.0", "pathe": "^2.0.1", "pkg-types": "^1.3.0", "ufo": "^1.5.4" } }, "sha512-qmdSIPC4bDJXgZTCR7XosJiNKySV7O215tsPtDN9iEO/7q/76b/ijtgRu/+epFXSJhijtTCCGp3DWS549P3xKw=="],

    "mock-fs": ["mock-fs@5.5.0", "", {}, "sha512-d/P1M/RacgM3dB0sJ8rjeRNXxtapkPCUnMGmIN0ixJ16F/E4GUZCvWcSGfWGz8eaXYvn1s9baUwNjI4LOPEjiA=="],

    "ms": ["ms@2.1.3", "", {}, "sha512-6FlzubTLZG3J2a/NVCAleEhjzq5oxgHyaCU9yYXvcLsvoVaHJq/s5xXI6/XXP6tz7R9xAOtHnSO/tXtF3WRTlA=="],

    "nanoid": ["nanoid@3.3.11", "", { "bin": { "nanoid": "bin/nanoid.cjs" } }, "sha512-N8SpfPUnUp1bK+PMYW8qSWdl9U+wwNWI4QKxOYDy9JAro3WMX7p2OeVRF9v+347pnakNevPmiHhNmZ2HbFA76w=="],

    "nock": ["nock@13.5.6", "", { "dependencies": { "debug": "^4.1.0", "json-stringify-safe": "^5.0.1", "propagate": "^2.0.0" } }, "sha512-o2zOYiCpzRqSzPj0Zt/dQ/DqZeYoaQ7TUonc/xUPjCGl9WeHpNbxgVvOquXYAaJzI0M9BXV3HTzG0p8IUAbBTQ=="],

    "node-fetch": ["node-fetch@2.7.0", "", { "dependencies": { "whatwg-url": "^5.0.0" }, "peerDependencies": { "encoding": "^0.1.0" }, "optionalPeers": ["encoding"] }, "sha512-c4FRfUm/dbcWZ7U+1Wq0AwCyFL+3nt2bEw05wfxSz+DWpWsitgmSgYmy2dQdWyKC1694ELPqMs/YzUSNozLt8A=="],

    "once": ["once@1.4.0", "", { "dependencies": { "wrappy": "1" } }, "sha512-lNaJgI+2Q5URQBkccEKHTQOPaXdUxnZZElQTZY0MFUAuaEqe1E+Nyvgdz/aIyNi6Z9MzO5dv1H8n58/GELp3+w=="],

    "p-limit": ["p-limit@4.0.0", "", { "dependencies": { "yocto-queue": "^1.0.0" } }, "sha512-5b0R4txpzjPWVw/cXXUResoD4hb6U/x9BH08L7nw+GN1sezDzPdxeRvpc9c433fZhBan/wusjbCsqwqm4EIBIQ=="],

    "pathe": ["pathe@1.1.2", "", {}, "sha512-whLdWMYL2TwI08hn8/ZqAbrVemu0LNaNNJZX73O6qaIdCTfXutsLhMkjdENX0qhsQ9uIimo4/aQOmXkoon2nDQ=="],

    "pathval": ["pathval@1.1.1", "", {}, "sha512-Dp6zGqpTdETdR63lehJYPeIOqpiNBNtc7BpWSLrOje7UaIsE5aY92r/AunQA7rsXvet3lrJ3JnZX29UPTKXyKQ=="],

    "picocolors": ["picocolors@1.1.1", "", {}, "sha512-xceH2snhtb5M9liqDsmEw56le376mTZkEX/jEb/RxNFyegNul7eNslCXP9FDj/Lcu0X8KEyMceP2ntpaHrDEVA=="],

    "pkg-types": ["pkg-types@1.3.1", "", { "dependencies": { "confbox": "^0.1.8", "mlly": "^1.7.4", "pathe": "^2.0.1" } }, "sha512-/Jm5M4RvtBFVkKWRu2BLUTNP8/M2a+UwuAX+ae4770q1qVGtfjG+WTCupoZixokjmHiry8uI+dlY8KXYV5HVVQ=="],

    "postcss": ["postcss@8.5.3", "", { "dependencies": { "nanoid": "^3.3.8", "picocolors": "^1.1.1", "source-map-js": "^1.2.1" } }, "sha512-dle9A3yYxlBSrt8Fu+IpjGT8SY8hN0mlaA6GY8t0P5PjIOZemULz/E2Bnm/2dcUOena75OTNkHI76uZBNUUq3A=="],

    "pretty-format": ["pretty-format@29.7.0", "", { "dependencies": { "@jest/schemas": "^29.6.3", "ansi-styles": "^5.0.0", "react-is": "^18.0.0" } }, "sha512-Pdlw/oPxN+aXdmM9R00JVC9WVFoCLTKJvDVLgmJ+qAffBMxsV85l/Lu7sNx4zSzPyoL2euImuEwHhOXdEgNFZQ=="],

    "propagate": ["propagate@2.0.1", "", {}, "sha512-vGrhOavPSTz4QVNuBNdcNXePNdNMaO1xj9yBeH1ScQPjk/rhg9sSlCXPhMkFuaNNW/syTvYqsnbIJxMBfRbbag=="],

    "proxy-from-env": ["proxy-from-env@1.1.0", "", {}, "sha512-D+zkORCbA9f1tdWRK0RaCR3GPv50cMxcrz4X8k5LTSUD1Dkw47mKJEZQNunItRTkWwgtaUSo1RVFRIG9ZXiFYg=="],

    "react-is": ["react-is@18.3.1", "", {}, "sha512-/LLMVyas0ljjAtoYiPqYiL8VWXzUUdThrmU5+n20DZv+a+ClRoevUzw5JxU+Ieh5/c87ytoTBV9G1FiKfNJdmg=="],

    "rollup": ["rollup@4.38.0", "", { "dependencies": { "@types/estree": "1.0.7" }, "optionalDependencies": { "@rollup/rollup-android-arm-eabi": "4.38.0", "@rollup/rollup-android-arm64": "4.38.0", "@rollup/rollup-darwin-arm64": "4.38.0", "@rollup/rollup-darwin-x64": "4.38.0", "@rollup/rollup-freebsd-arm64": "4.38.0", "@rollup/rollup-freebsd-x64": "4.38.0", "@rollup/rollup-linux-arm-gnueabihf": "4.38.0", "@rollup/rollup-linux-arm-musleabihf": "4.38.0", "@rollup/rollup-linux-arm64-gnu": "4.38.0", "@rollup/rollup-linux-arm64-musl": "4.38.0", "@rollup/rollup-linux-loongarch64-gnu": "4.38.0", "@rollup/rollup-linux-powerpc64le-gnu": "4.38.0", "@rollup/rollup-linux-riscv64-gnu": "4.38.0", "@rollup/rollup-linux-riscv64-musl": "4.38.0", "@rollup/rollup-linux-s390x-gnu": "4.38.0", "@rollup/rollup-linux-x64-gnu": "4.38.0", "@rollup/rollup-linux-x64-musl": "4.38.0", "@rollup/rollup-win32-arm64-msvc": "4.38.0", "@rollup/rollup-win32-ia32-msvc": "4.38.0", "@rollup/rollup-win32-x64-msvc": "4.38.0", "fsevents": "~2.3.2" }, "bin": { "rollup": "dist/bin/rollup" } }, "sha512-5SsIRtJy9bf1ErAOiFMFzl64Ex9X5V7bnJ+WlFMb+zmP459OSWCEG7b0ERZ+PEU7xPt4OG3RHbrp1LJlXxYTrw=="],

    "siginfo": ["siginfo@2.0.0", "", {}, "sha512-ybx0WO1/8bSBLEWXZvEd7gMW3Sn3JFlW3TvX1nREbDLRNQNaeNN8WK0meBwPdAaOI7TtRRRJn/Es1zhrrCHu7g=="],

    "simple-git": ["simple-git@3.27.0", "", { "dependencies": { "@kwsites/file-exists": "^1.1.1", "@kwsites/promise-deferred": "^1.1.1", "debug": "^4.3.5" } }, "sha512-ivHoFS9Yi9GY49ogc6/YAi3Fl9ROnF4VyubNylgCkA+RVqLaKWnDSzXOVzya8csELIaWaYNutsEuAhZrtOjozA=="],

    "source-map-js": ["source-map-js@1.2.1", "", {}, "sha512-UXWMKhLOwVKb728IUtQPXxfYU+usdybtUrK/8uGE8CQMvrhOpwvzDBwj0QhSL7MQc7vIsISBG8VQ8+IDQxpfQA=="],

    "stackback": ["stackback@0.0.2", "", {}, "sha512-1XMJE5fQo1jGH6Y/7ebnwPOBEkIEnT4QF32d5R1+VXdXveM0IBMJt8zfaxX1P3QhVwrYe+576+jkANtSS2mBbw=="],

    "std-env": ["std-env@3.8.1", "", {}, "sha512-vj5lIj3Mwf9D79hBkltk5qmkFI+biIKWS2IBxEyEU3AX1tUf7AoL8nSazCOiiqQsGKIq01SClsKEzweu34uwvA=="],

    "strip-literal": ["strip-literal@1.3.0", "", { "dependencies": { "acorn": "^8.10.0" } }, "sha512-PugKzOsyXpArk0yWmUwqOZecSO0GH0bPoctLcqNDH9J04pVW3lflYE0ujElBGTloevcxF5MofAOZ7C5l2b+wLg=="],

    "tinybench": ["tinybench@2.9.0", "", {}, "sha512-0+DUvqWMValLmha6lr4kD8iAMK1HzV0/aKnCtWb9v9641TnP/MFb7Pc2bxoxQjTXAErryXVgUOfv2YqNllqGeg=="],

    "tinypool": ["tinypool@0.7.0", "", {}, "sha512-zSYNUlYSMhJ6Zdou4cJwo/p7w5nmAH17GRfU/ui3ctvjXFErXXkruT4MWW6poDeXgCaIBlGLrfU6TbTXxyGMww=="],

    "tinyspy": ["tinyspy@2.2.1", "", {}, "sha512-KYad6Vy5VDWV4GH3fjpseMQ/XU2BhIYP7Vzd0LG44qRWm/Yt2WCOTicFdvmgo6gWaqooMQCawTtILVQJupKu7A=="],

    "tr46": ["tr46@0.0.3", "", {}, "sha512-N3WMsuqV66lT30CrXNbEjx4GEwlow3v6rr4mCcv6prnfwhS01rkgyFdjPNBYd9br7LpXV1+Emh01fHnq2Gdgrw=="],

    "type-detect": ["type-detect@4.1.0", "", {}, "sha512-Acylog8/luQ8L7il+geoSxhEkazvkslg7PSNKOX59mbB9cOveP5aq9h74Y7YU8yDpJwetzQQrfIwtf4Wp4LKcw=="],

    "typescript": ["typescript@5.8.2", "", { "bin": { "tsc": "bin/tsc", "tsserver": "bin/tsserver" } }, "sha512-aJn6wq13/afZp/jT9QZmwEjDqqvSGp1VT5GVg+f/t6/oVyrgXM6BY1h9BRh/O5p3PlUPAe+WuiEZOmb/49RqoQ=="],

    "ufo": ["ufo@1.5.4", "", {}, "sha512-UsUk3byDzKd04EyoZ7U4DOlxQaD14JUKQl6/P7wiX4FNvUfm3XL246n9W5AmqwW5RSFJ27NAuM0iLscAOYUiGQ=="],

    "undici-types": ["undici-types@5.26.5", "", {}, "sha512-JlCMO+ehdEIKqlFxk6IfVoAUVmgz7cU7zD/h9XZ0qzeosSHmUJVOzSQvvYSYWXkFXC+IfLKSIffhv0sVZup6pA=="],

    "universal-user-agent": ["universal-user-agent@6.0.1", "", {}, "sha512-yCzhz6FN2wU1NiiQRogkTQszlQSlpWaw8SvVegAc+bDxbzHgh1vX8uIe8OYyMH6DwH+sdTJsgMl36+mSMdRJIQ=="],

    "vite": ["vite@5.4.15", "", { "dependencies": { "esbuild": "^0.21.3", "postcss": "^8.4.43", "rollup": "^4.20.0" }, "optionalDependencies": { "fsevents": "~2.3.3" }, "peerDependencies": { "@types/node": "^18.0.0 || >=20.0.0", "less": "*", "lightningcss": "^1.21.0", "sass": "*", "sass-embedded": "*", "stylus": "*", "sugarss": "*", "terser": "^5.4.0" }, "optionalPeers": ["@types/node", "less", "lightningcss", "sass", "sass-embedded", "stylus", "sugarss", "terser"], "bin": { "vite": "bin/vite.js" } }, "sha512-6ANcZRivqL/4WtwPGTKNaosuNJr5tWiftOC7liM7G9+rMb8+oeJeyzymDu4rTN93seySBmbjSfsS3Vzr19KNtA=="],

    "vite-node": ["vite-node@0.34.6", "", { "dependencies": { "cac": "^6.7.14", "debug": "^4.3.4", "mlly": "^1.4.0", "pathe": "^1.1.1", "picocolors": "^1.0.0", "vite": "^3.0.0 || ^4.0.0 || ^5.0.0-0" }, "bin": { "vite-node": "vite-node.mjs" } }, "sha512-nlBMJ9x6n7/Amaz6F3zJ97EBwR2FkzhBRxF5e+jE6LA3yi6Wtc2lyTij1OnDMIr34v5g/tVQtsVAzhT0jc5ygA=="],

    "vitest": ["vitest@0.34.6", "", { "dependencies": { "@types/chai": "^4.3.5", "@types/chai-subset": "^1.3.3", "@types/node": "*", "@vitest/expect": "0.34.6", "@vitest/runner": "0.34.6", "@vitest/snapshot": "0.34.6", "@vitest/spy": "0.34.6", "@vitest/utils": "0.34.6", "acorn": "^8.9.0", "acorn-walk": "^8.2.0", "cac": "^6.7.14", "chai": "^4.3.10", "debug": "^4.3.4", "local-pkg": "^0.4.3", "magic-string": "^0.30.1", "pathe": "^1.1.1", "picocolors": "^1.0.0", "std-env": "^3.3.3", "strip-literal": "^1.0.1", "tinybench": "^2.5.0", "tinypool": "^0.7.0", "vite": "^3.1.0 || ^4.0.0 || ^5.0.0-0", "vite-node": "0.34.6", "why-is-node-running": "^2.2.2" }, "peerDependencies": { "@edge-runtime/vm": "*", "@vitest/browser": "*", "@vitest/ui": "*", "happy-dom": "*", "jsdom": "*", "playwright": "*", "safaridriver": "*", "webdriverio": "*" }, "optionalPeers": ["@edge-runtime/vm", "@vitest/browser", "@vitest/ui", "happy-dom", "jsdom", "playwright", "safaridriver", "webdriverio"], "bin": { "vitest": "vitest.mjs" } }, "sha512-+5CALsOvbNKnS+ZHMXtuUC7nL8/7F1F2DnHGjSsszX8zCjWSSviphCb/NuS9Nzf4Q03KyyDRBAXhF/8lffME4Q=="],

    "webidl-conversions": ["webidl-conversions@3.0.1", "", {}, "sha512-2JAn3z8AR6rjK8Sm8orRC0h/bcl/DqL7tRPdGZ4I1CjdF+EaMLmYxBHyXuKL849eucPFhvBoxMsflfOb8kxaeQ=="],

    "whatwg-url": ["whatwg-url@5.0.0", "", { "dependencies": { "tr46": "~0.0.3", "webidl-conversions": "^3.0.0" } }, "sha512-saE57nupxk6v3HY35+jzBwYa0rKSy0XR8JSxZPwgLr7ys0IBzhGviA1/TUGJLmSVqs8pb9AnvICXEuOHLprYTw=="],

    "why-is-node-running": ["why-is-node-running@2.3.0", "", { "dependencies": { "siginfo": "^2.0.0", "stackback": "0.0.2" }, "bin": { "why-is-node-running": "cli.js" } }, "sha512-hUrmaWBdVDcxvYqnyh09zunKzROWjbZTiNy8dBEjkS7ehEDQibXJ7XvlmtbwuTclUiIyN+CyXQD4Vmko8fNm8w=="],

    "wrappy": ["wrappy@1.0.2", "", {}, "sha512-l4Sp/DRseor9wL6EvV2+TuQn63dMkPjZ/sp9XkghTEbV9KlPS1xUsZ3u7/IQO4wxtcFB4bgpQPRcR3QCvezPcQ=="],

    "yocto-queue": ["yocto-queue@1.2.1", "", {}, "sha512-AyeEbWOu/TAXdxlV9wmGcR0+yh2j3vYPGOECcIj2S7MkrLyC7ne+oye2BKTItt0ii2PHk4cDy+95+LshzbXnGg=="],

    "@octokit/plugin-rest-endpoint-methods/@octokit/types": ["@octokit/types@10.0.0", "", { "dependencies": { "@octokit/openapi-types": "^18.0.0" } }, "sha512-Vm8IddVmhCgU1fxC1eyinpwqzXPEYu0NrYzD3YZjlGjyftdLBTeqNblRC0jmJmgxbJIsQlyogVeGnrNaaMVzIg=="],

    "@types/adm-zip/@types/node": ["@types/node@22.13.14", "", { "dependencies": { "undici-types": "~6.20.0" } }, "sha512-Zs/Ollc1SJ8nKUAgc7ivOEdIBM8JAKgrqqUYi2J997JuKO7/tpQC+WCetQ1sypiKCQWHdvdg9wBNpUPEWZae7w=="],

    "@types/ws/@types/node": ["@types/node@22.13.14", "", { "dependencies": { "undici-types": "~6.20.0" } }, "sha512-Zs/Ollc1SJ8nKUAgc7ivOEdIBM8JAKgrqqUYi2J997JuKO7/tpQC+WCetQ1sypiKCQWHdvdg9wBNpUPEWZae7w=="],

    "bun-types/@types/node": ["@types/node@22.13.14", "", { "dependencies": { "undici-types": "~6.20.0" } }, "sha512-Zs/Ollc1SJ8nKUAgc7ivOEdIBM8JAKgrqqUYi2J997JuKO7/tpQC+WCetQ1sypiKCQWHdvdg9wBNpUPEWZae7w=="],

    "mlly/pathe": ["pathe@2.0.3", "", {}, "sha512-WUjGcAqP1gQacoQe+OBJsFA7Ld4DyXuUIjZ5cc75cLHvJ7dtNsTugphxIADwspS+AraAUePCKrSVtPLFj/F88w=="],

    "pkg-types/pathe": ["pathe@2.0.3", "", {}, "sha512-WUjGcAqP1gQacoQe+OBJsFA7Ld4DyXuUIjZ5cc75cLHvJ7dtNsTugphxIADwspS+AraAUePCKrSVtPLFj/F88w=="],

    "vitest/@types/node": ["@types/node@22.13.14", "", { "dependencies": { "undici-types": "~6.20.0" } }, "sha512-Zs/Ollc1SJ8nKUAgc7ivOEdIBM8JAKgrqqUYi2J997JuKO7/tpQC+WCetQ1sypiKCQWHdvdg9wBNpUPEWZae7w=="],

    "@types/adm-zip/@types/node/undici-types": ["undici-types@6.20.0", "", {}, "sha512-Ny6QZ2Nju20vw1SRHe3d9jVu6gJ+4e3+MMpqu7pqE5HT6WsTSlce++GQmK5UXS8mzV8DSYHrQH+Xrf2jVcuKNg=="],

    "@types/ws/@types/node/undici-types": ["undici-types@6.20.0", "", {}, "sha512-Ny6QZ2Nju20vw1SRHe3d9jVu6gJ+4e3+MMpqu7pqE5HT6WsTSlce++GQmK5UXS8mzV8DSYHrQH+Xrf2jVcuKNg=="],

    "bun-types/@types/node/undici-types": ["undici-types@6.20.0", "", {}, "sha512-Ny6QZ2Nju20vw1SRHe3d9jVu6gJ+4e3+MMpqu7pqE5HT6WsTSlce++GQmK5UXS8mzV8DSYHrQH+Xrf2jVcuKNg=="],

    "vitest/@types/node/undici-types": ["undici-types@6.20.0", "", {}, "sha512-Ny6QZ2Nju20vw1SRHe3d9jVu6gJ+4e3+MMpqu7pqE5HT6WsTSlce++GQmK5UXS8mzV8DSYHrQH+Xrf2jVcuKNg=="],
  }
}
